
Microsoft Visual Studio Solution File, Format Version 12.00
# Visual Studio Version 17
VisualStudioVersion = 17.14.36717.8 d17.14
MinimumVisualStudioVersion = 10.0.40219.1
Project("{FAE04EC0-301F-11D3-BF4B-00C04F79EFBC}") = "MyPrimerAPI", "MyPrimerAPI\MyPrimerAPI.csproj", "{C88A8C67-D04A-4A00-8595-8BF4701DA6C7}"
EndProject
Global
	GlobalSection(SolutionConfigurationPlatforms) = preSolution
		Debug|Any CPU = Debug|Any CPU
		Release|Any CPU = Release|Any CPU
	EndGlobalSection
	GlobalSection(ProjectConfigurationPlatforms) = postSolution
		{C88A8C67-D04A-4A00-8595-8BF4701DA6C7}.Debug|Any CPU.ActiveCfg = Debug|Any CPU
		{C88A8C67-D04A-4A00-8595-8BF4701DA6C7}.Debug|Any CPU.Build.0 = Debug|Any CPU
		{C88A8C67-D04A-4A00-8595-8BF4701DA6C7}.Release|Any CPU.ActiveCfg = Release|Any CPU
		{C88A8C67-D04A-4A00-8595-8BF4701DA6C7}.Release|Any CPU.Build.0 = Release|Any CPU
	EndGlobalSection
	GlobalSection(SolutionProperties) = preSolution
		HideSolutionNode = FALSE
	EndGlobalSection
	GlobalSection(ExtensibilityGlobals) = postSolution
		SolutionGuid = {FC9B0E5F-5B0C-4F52-A967-6DA7B963C790}
	EndGlobalSection
EndGlobal
